// !$*UTF8*$!
{
	archiveVersion = 1;
	classes = {
	};
	objectVersion = 46;
	objects = {

/* Begin PBXBuildFile section */
		203460711E576CE100BE7FA6 /* main.cpp in Sources */ = {isa = PBXBuildFile; fileRef = 203460701E576CE100BE7FA6 /* main.cpp */; };
		203460791E576D7900BE7FA6 /* BranchAndPrune.cpp in Sources */ = {isa = PBXBuildFile; fileRef = 203460771E576D7900BE7FA6 /* BranchAndPrune.cpp */; };
		2034607C1E576FB800BE7FA6 /* Constraints.cpp in Sources */ = {isa = PBXBuildFile; fileRef = 2034607A1E576FB800BE7FA6 /* Constraints.cpp */; };
		2034607F1E576FE600BE7FA6 /* Node.cpp in Sources */ = {isa = PBXBuildFile; fileRef = 2034607D1E576FE600BE7FA6 /* Node.cpp */; };
		203460821E576FFF00BE7FA6 /* Domain.cpp in Sources */ = {isa = PBXBuildFile; fileRef = 203460801E576FFF00BE7FA6 /* Domain.cpp */; };
		205F2AF81E71674900C34411 /* Queen.cpp in Sources */ = {isa = PBXBuildFile; fileRef = 205F2AF61E71674900C34411 /* Queen.cpp */; };
		20716A2C1E86CD550079ED23 /* SendMoreMoney.cpp in Sources */ = {isa = PBXBuildFile; fileRef = 20716A2A1E86CD550079ED23 /* SendMoreMoney.cpp */; };
		20A771A71E77EC57001D6F7E /* AllDifferent.cpp in Sources */ = {isa = PBXBuildFile; fileRef = 20A771A51E77EC57001D6F7E /* AllDifferent.cpp */; };
/* End PBXBuildFile section */

/* Begin PBXCopyFilesBuildPhase section */
		2034606B1E576CE100BE7FA6 /* CopyFiles */ = {
			isa = PBXCopyFilesBuildPhase;
			buildActionMask = 2147483647;
			dstPath = /usr/share/man/man1/;
			dstSubfolderSpec = 0;
			files = (
			);
			runOnlyForDeploymentPostprocessing = 1;
		};
/* End PBXCopyFilesBuildPhase section */

/* Begin PBXFileReference section */
		2034606D1E576CE100BE7FA6 /* optimal_Solveur */ = {isa = PBXFileReference; explicitFileType = "compiled.mach-o.executable"; includeInIndex = 0; path = optimal_Solveur; sourceTree = BUILT_PRODUCTS_DIR; };
		203460701E576CE100BE7FA6 /* main.cpp */ = {isa = PBXFileReference; lastKnownFileType = sourcecode.cpp.cpp; path = main.cpp; sourceTree = "<group>"; };
		203460771E576D7900BE7FA6 /* BranchAndPrune.cpp */ = {isa = PBXFileReference; fileEncoding = 4; lastKnownFileType = sourcecode.cpp.cpp; path = BranchAndPrune.cpp; sourceTree = "<group>"; };
		203460781E576D7900BE7FA6 /* BranchAndPrune.hpp */ = {isa = PBXFileReference; fileEncoding = 4; lastKnownFileType = sourcecode.cpp.h; path = BranchAndPrune.hpp; sourceTree = "<group>"; };
		2034607A1E576FB800BE7FA6 /* Constraints.cpp */ = {isa = PBXFileReference; fileEncoding = 4; lastKnownFileType = sourcecode.cpp.cpp; path = Constraints.cpp; sourceTree = "<group>"; };
		2034607B1E576FB800BE7FA6 /* Constraints.hpp */ = {isa = PBXFileReference; fileEncoding = 4; lastKnownFileType = sourcecode.cpp.h; path = Constraints.hpp; sourceTree = "<group>"; };
		2034607D1E576FE600BE7FA6 /* Node.cpp */ = {isa = PBXFileReference; fileEncoding = 4; lastKnownFileType = sourcecode.cpp.cpp; path = Node.cpp; sourceTree = "<group>"; };
		2034607E1E576FE600BE7FA6 /* Node.hpp */ = {isa = PBXFileReference; fileEncoding = 4; lastKnownFileType = sourcecode.cpp.h; path = Node.hpp; sourceTree = "<group>"; };
		203460801E576FFF00BE7FA6 /* Domain.cpp */ = {isa = PBXFileReference; fileEncoding = 4; lastKnownFileType = sourcecode.cpp.cpp; path = Domain.cpp; sourceTree = "<group>"; };
		203460811E576FFF00BE7FA6 /* Domain.hpp */ = {isa = PBXFileReference; fileEncoding = 4; lastKnownFileType = sourcecode.cpp.h; path = Domain.hpp; sourceTree = "<group>"; };
		205F2AF61E71674900C34411 /* Queen.cpp */ = {isa = PBXFileReference; fileEncoding = 4; lastKnownFileType = sourcecode.cpp.cpp; path = Queen.cpp; sourceTree = "<group>"; };
		205F2AF71E71674900C34411 /* Queen.hpp */ = {isa = PBXFileReference; fileEncoding = 4; lastKnownFileType = sourcecode.cpp.h; path = Queen.hpp; sourceTree = "<group>"; };
		20716A2A1E86CD550079ED23 /* SendMoreMoney.cpp */ = {isa = PBXFileReference; fileEncoding = 4; lastKnownFileType = sourcecode.cpp.cpp; path = SendMoreMoney.cpp; sourceTree = "<group>"; };
		20716A2B1E86CD550079ED23 /* SendMoreMoney.hpp */ = {isa = PBXFileReference; fileEncoding = 4; lastKnownFileType = sourcecode.cpp.h; path = SendMoreMoney.hpp; sourceTree = "<group>"; };
		20A771A51E77EC57001D6F7E /* AllDifferent.cpp */ = {isa = PBXFileReference; fileEncoding = 4; lastKnownFileType = sourcecode.cpp.cpp; path = AllDifferent.cpp; sourceTree = "<group>"; };
		20A771A61E77EC57001D6F7E /* AllDifferent.hpp */ = {isa = PBXFileReference; fileEncoding = 4; lastKnownFileType = sourcecode.cpp.h; path = AllDifferent.hpp; sourceTree = "<group>"; };
/* End PBXFileReference section */

/* Begin PBXFrameworksBuildPhase section */
		2034606A1E576CE100BE7FA6 /* Frameworks */ = {
			isa = PBXFrameworksBuildPhase;
			buildActionMask = 2147483647;
			files = (
			);
			runOnlyForDeploymentPostprocessing = 0;
		};
/* End PBXFrameworksBuildPhase section */

/* Begin PBXGroup section */
		203460641E576CE100BE7FA6 = {
			isa = PBXGroup;
			children = (
				2034606F1E576CE100BE7FA6 /* optimal_Solveur */,
				2034606E1E576CE100BE7FA6 /* Products */,
			);
			sourceTree = "<group>";
		};
		2034606E1E576CE100BE7FA6 /* Products */ = {
			isa = PBXGroup;
			children = (
				2034606D1E576CE100BE7FA6 /* optimal_Solveur */,
			);
			name = Products;
			sourceTree = "<group>";
		};
		2034606F1E576CE100BE7FA6 /* optimal_Solveur */ = {
			isa = PBXGroup;
			children = (
				203460701E576CE100BE7FA6 /* main.cpp */,
				203460771E576D7900BE7FA6 /* BranchAndPrune.cpp */,
				203460781E576D7900BE7FA6 /* BranchAndPrune.hpp */,
				2034607A1E576FB800BE7FA6 /* Constraints.cpp */,
				2034607B1E576FB800BE7FA6 /* Constraints.hpp */,
				2034607D1E576FE600BE7FA6 /* Node.cpp */,
				2034607E1E576FE600BE7FA6 /* Node.hpp */,
				203460801E576FFF00BE7FA6 /* Domain.cpp */,
				203460811E576FFF00BE7FA6 /* Domain.hpp */,
				205F2AF61E71674900C34411 /* Queen.cpp */,
				205F2AF71E71674900C34411 /* Queen.hpp */,
				20A771A51E77EC57001D6F7E /* AllDifferent.cpp */,
				20A771A61E77EC57001D6F7E /* AllDifferent.hpp */,
				20716A2A1E86CD550079ED23 /* SendMoreMoney.cpp */,
				20716A2B1E86CD550079ED23 /* SendMoreMoney.hpp */,
			);
			path = optimal_Solveur;
			sourceTree = "<group>";
		};
/* End PBXGroup section */

/* Begin PBXNativeTarget section */
		2034606C1E576CE100BE7FA6 /* optimal_Solveur */ = {
			isa = PBXNativeTarget;
			buildConfigurationList = 203460741E576CE100BE7FA6 /* Build configuration list for PBXNativeTarget "optimal_Solveur" */;
			buildPhases = (
				203460691E576CE100BE7FA6 /* Sources */,
				2034606A1E576CE100BE7FA6 /* Frameworks */,
				2034606B1E576CE100BE7FA6 /* CopyFiles */,
			);
			buildRules = (
			);
			dependencies = (
			);
			name = optimal_Solveur;
			productName = optimal_Solveur;
			productReference = 2034606D1E576CE100BE7FA6 /* optimal_Solveur */;
			productType = "com.apple.product-type.tool";
		};
/* End PBXNativeTarget section */

/* Begin PBXProject section */
		203460651E576CE100BE7FA6 /* Project object */ = {
			isa = PBXProject;
			attributes = {
				LastUpgradeCheck = 0820;
				ORGANIZATIONNAME = "Sacha Loriot";
				TargetAttributes = {
					2034606C1E576CE100BE7FA6 = {
						CreatedOnToolsVersion = 8.2.1;
						ProvisioningStyle = Automatic;
					};
				};
			};
			buildConfigurationList = 203460681E576CE100BE7FA6 /* Build configuration list for PBXProject "optimal_Solveur" */;
			compatibilityVersion = "Xcode 3.2";
			developmentRegion = English;
			hasScannedForEncodings = 0;
			knownRegions = (
				en,
			);
			mainGroup = 203460641E576CE100BE7FA6;
			productRefGroup = 2034606E1E576CE100BE7FA6 /* Products */;
			projectDirPath = "";
			projectRoot = "";
			targets = (
				2034606C1E576CE100BE7FA6 /* optimal_Solveur */,
			);
		};
/* End PBXProject section */

/* Begin PBXSourcesBuildPhase section */
		203460691E576CE100BE7FA6 /* Sources */ = {
			isa = PBXSourcesBuildPhase;
			buildActionMask = 2147483647;
			files = (
				205F2AF81E71674900C34411 /* Queen.cpp in Sources */,
				203460791E576D7900BE7FA6 /* BranchAndPrune.cpp in Sources */,
				2034607C1E576FB800BE7FA6 /* Constraints.cpp in Sources */,
				203460711E576CE100BE7FA6 /* main.cpp in Sources */,
				203460821E576FFF00BE7FA6 /* Domain.cpp in Sources */,
				2034607F1E576FE600BE7FA6 /* Node.cpp in Sources */,
				20A771A71E77EC57001D6F7E /* AllDifferent.cpp in Sources */,
				20716A2C1E86CD550079ED23 /* SendMoreMoney.cpp in Sources */,
			);
			runOnlyForDeploymentPostprocessing = 0;
		};
/* End PBXSourcesBuildPhase section */

/* Begin XCBuildConfiguration section */
		203460721E576CE100BE7FA6 /* Debug */ = {
			isa = XCBuildConfiguration;
			buildSettings = {
				ALWAYS_SEARCH_USER_PATHS = NO;
				CLANG_ANALYZER_NONNULL = YES;
				CLANG_CXX_LANGUAGE_STANDARD = "gnu++0x";
				CLANG_CXX_LIBRARY = "libc++";
				CLANG_ENABLE_MODULES = YES;
				CLANG_ENABLE_OBJC_ARC = YES;
				CLANG_WARN_BOOL_CONVERSION = YES;
				CLANG_WARN_CONSTANT_CONVERSION = YES;
				CLANG_WARN_DIRECT_OBJC_ISA_USAGE = YES_ERROR;
				CLANG_WARN_DOCUMENTATION_COMMENTS = YES;
				CLANG_WARN_EMPTY_BODY = YES;
				CLANG_WARN_ENUM_CONVERSION = YES;
				CLANG_WARN_INFINITE_RECURSION = YES;
				CLANG_WARN_INT_CONVERSION = YES;
				CLANG_WARN_OBJC_ROOT_CLASS = YES_ERROR;
				CLANG_WARN_SUSPICIOUS_MOVE = YES;
				CLANG_WARN_UNREACHABLE_CODE = YES;
				CLANG_WARN__DUPLICATE_METHOD_MATCH = YES;
				CODE_SIGN_IDENTITY = "-";
				COPY_PHASE_STRIP = NO;
				DEBUG_INFORMATION_FORMAT = dwarf;
				ENABLE_STRICT_OBJC_MSGSEND = YES;
				ENABLE_TESTABILITY = YES;
				GCC_C_LANGUAGE_STANDARD = gnu99;
				GCC_DYNAMIC_NO_PIC = NO;
				GCC_NO_COMMON_BLOCKS = YES;
				GCC_OPTIMIZATION_LEVEL = 0;
				GCC_PREPROCESSOR_DEFINITIONS = (
					"DEBUG=1",
					"$(inherited)",
				);
				GCC_WARN_64_TO_32_BIT_CONVERSION = YES;
				GCC_WARN_ABOUT_RETURN_TYPE = YES_ERROR;
				GCC_WARN_UNDECLARED_SELECTOR = YES;
				GCC_WARN_UNINITIALIZED_AUTOS = YES_AGGRESSIVE;
				GCC_WARN_UNUSED_FUNCTION = YES;
				GCC_WARN_UNUSED_VARIABLE = YES;
				MACOSX_DEPLOYMENT_TARGET = 10.12;
				MTL_ENABLE_DEBUG_INFO = YES;
				ONLY_ACTIVE_ARCH = YES;
				SDKROOT = macosx;
			};
			name = Debug;
		};
		203460731E576CE100BE7FA6 /* Release */ = {
			isa = XCBuildConfiguration;
			buildSettings = {
				ALWAYS_SEARCH_USER_PATHS = NO;
				CLANG_ANALYZER_NONNULL = YES;
				CLANG_CXX_LANGUAGE_STANDARD = "gnu++0x";
				CLANG_CXX_LIBRARY = "libc++";
				CLANG_ENABLE_MODULES = YES;
				CLANG_ENABLE_OBJC_ARC = YES;
				CLANG_WARN_BOOL_CONVERSION = YES;
				CLANG_WARN_CONSTANT_CONVERSION = YES;
				CLANG_WARN_DIRECT_OBJC_ISA_USAGE = YES_ERROR;
				CLANG_WARN_DOCUMENTATION_COMMENTS = YES;
				CLANG_WARN_EMPTY_BODY = YES;
				CLANG_WARN_ENUM_CONVERSION = YES;
				CLANG_WARN_INFINITE_RECURSION = YES;
				CLANG_WARN_INT_CONVERSION = YES;
				CLANG_WARN_OBJC_ROOT_CLASS = YES_ERROR;
				CLANG_WARN_SUSPICIOUS_MOVE = YES;
				CLANG_WARN_UNREACHABLE_CODE = YES;
				CLANG_WARN__DUPLICATE_METHOD_MATCH = YES;
				CODE_SIGN_IDENTITY = "-";
				COPY_PHASE_STRIP = NO;
				DEBUG_INFORMATION_FORMAT = "dwarf-with-dsym";
				ENABLE_NS_ASSERTIONS = NO;
				ENABLE_STRICT_OBJC_MSGSEND = YES;
				GCC_C_LANGUAGE_STANDARD = gnu99;
				GCC_NO_COMMON_BLOCKS = YES;
				GCC_WARN_64_TO_32_BIT_CONVERSION = YES;
				GCC_WARN_ABOUT_RETURN_TYPE = YES_ERROR;
				GCC_WARN_UNDECLARED_SELECTOR = YES;
				GCC_WARN_UNINITIALIZED_AUTOS = YES_AGGRESSIVE;
				GCC_WARN_UNUSED_FUNCTION = YES;
				GCC_WARN_UNUSED_VARIABLE = YES;
				MACOSX_DEPLOYMENT_TARGET = 10.12;
				MTL_ENABLE_DEBUG_INFO = NO;
				SDKROOT = macosx;
			};
			name = Release;
		};
		203460751E576CE100BE7FA6 /* Debug */ = {
			isa = XCBuildConfiguration;
			buildSettings = {
				PRODUCT_NAME = "$(TARGET_NAME)";
			};
			name = Debug;
		};
		203460761E576CE100BE7FA6 /* Release */ = {
			isa = XCBuildConfiguration;
			buildSettings = {
				PRODUCT_NAME = "$(TARGET_NAME)";
			};
			name = Release;
		};
/* End XCBuildConfiguration section */

/* Begin XCConfigurationList section */
		203460681E576CE100BE7FA6 /* Build configuration list for PBXProject "optimal_Solveur" */ = {
			isa = XCConfigurationList;
			buildConfigurations = (
				203460721E576CE100BE7FA6 /* Debug */,
				203460731E576CE100BE7FA6 /* Release */,
			);
			defaultConfigurationIsVisible = 0;
			defaultConfigurationName = Release;
		};
		203460741E576CE100BE7FA6 /* Build configuration list for PBXNativeTarget "optimal_Solveur" */ = {
			isa = XCConfigurationList;
			buildConfigurations = (
				203460751E576CE100BE7FA6 /* Debug */,
				203460761E576CE100BE7FA6 /* Release */,
			);
			defaultConfigurationIsVisible = 0;
			defaultConfigurationName = Release;
		};
/* End XCConfigurationList section */
	};
	rootObject = 203460651E576CE100BE7FA6 /* Project object */;
}
